github.com/hodgeswt/utilw v0.0.0-20241126164834-a8b230827044 h1:Z9I8Uj1y7Tw1hGsqJSMM1y36yAqeB0+vvTsK37oF1wc=
github.com/hodgeswt/utilw v0.0.0-20241126164834-a8b230827044/go.mod h1:HuqKKhK2yy6AvsU0haDHXNHQyJ11CAamCtaaa2NUULI=
github.com/hodgeswt/utilw v0.0.1 h1:fnBeVVGQltWDUkzGASKkb+ltcm7BG8+SI7H4mLYfvJ0=
github.com/hodgeswt/utilw v0.0.1/go.mod h1:HuqKKhK2yy6AvsU0haDHXNHQyJ11CAamCtaaa2NUULI=
github.com/hodgeswt/utilw v0.0.2 h1:BA1aH7cCt79ViRAGF0JjViVuGfLBg/x8z4g2vnoFsVQ=
github.com/hodgeswt/utilw v0.0.2/go.mod h1:HuqKKhK2yy6AvsU0haDHXNHQyJ11CAamCtaaa2NUULI=
