github.com/davecgh/go-spew v1.1.1 h1:vj9j/u1bqnvCEfJOwUhtlOARqs3+rkHYY13jYWTU97c=
github.com/davecgh/go-spew v1.1.1/go.mod h1:J7Y8YcW2NihsgmVo/mv3lAwl/skON4iLHjSsI+c5H38=
github.com/hodgeswt/utilw v0.0.0-20241126164834-a8b230827044 h1:Z9I8Uj1y7Tw1hGsqJSMM1y36yAqeB0+vvTsK37oF1wc=
github.com/hodgeswt/utilw v0.0.0-20241126164834-a8b230827044/go.mod h1:HuqKKhK2yy6AvsU0haDHXNHQyJ11CAamCtaaa2NUULI=
github.com/hodgeswt/utilw v0.0.1 h1:fnBeVVGQltWDUkzGASKkb+ltcm7BG8+SI7H4mLYfvJ0=
github.com/hodgeswt/utilw v0.0.1/go.mod h1:HuqKKhK2yy6AvsU0haDHXNHQyJ11CAamCtaaa2NUULI=
github.com/hodgeswt/utilw v0.0.2 h1:BA1aH7cCt79ViRAGF0JjViVuGfLBg/x8z4g2vnoFsVQ=
github.com/hodgeswt/utilw v0.0.2/go.mod h1:HuqKKhK2yy6AvsU0haDHXNHQyJ11CAamCtaaa2NUULI=
github.com/hodgeswt/utilw v0.0.3 h1:EjLiJkpmJnrVOQ4z0BHy+ZbwUsGzXH6gjfKonHJ8c8o=
github.com/hodgeswt/utilw v0.0.3/go.mod h1:HuqKKhK2yy6AvsU0haDHXNHQyJ11CAamCtaaa2NUULI=
github.com/pmezard/go-difflib v1.0.0 h1:4DBwDE0NGyQoBHbLQYPwSUPoCMWR5BEzIk/f1lZbAQM=
github.com/pmezard/go-difflib v1.0.0/go.mod h1:iKH77koFhYxTK1pcRnkKkqfTogsbg7gZNVY4sRDYZ/4=
github.com/stretchr/testify v1.10.0 h1:Xv5erBjTwe/5IxqUQTdXv5kgmIvbHo3QQyRwhJsOfJA=
github.com/stretchr/testify v1.10.0/go.mod h1:r2ic/lqez/lEtzL7wO/rwa5dbSLXVDPFyf8C91i36aY=
gopkg.in/check.v1 v0.0.0-20161208181325-20d25e280405/go.mod h1:Co6ibVJAznAaIkqp8huTwlJQCZ016jof/cbN4VW5Yz0=
gopkg.in/yaml.v3 v3.0.1 h1:fxVm/GzAzEWqLHuvctI91KS9hhNmmWOoWu0XTYJS7CA=
gopkg.in/yaml.v3 v3.0.1/go.mod h1:K4uyk7z7BCEPqu6E+C64Yfv1cQ7kz7rIZviUmN+EgEM=
